
Microsoft Visual Studio Solution File, Format Version 12.00
# Visual Studio Version 17
VisualStudioVersion = 17.2.32602.215
MinimumVisualStudioVersion = 10.0.40219.1
Project("{FAE04EC0-301F-11D3-BF4B-00C04F79EFBC}") = "DataVisualizationIS", "DataVisualizationIS\DataVisualizationIS.csproj", "{BD87CB84-058A-451D-AE68-79889BAE780D}"
EndProject
Global
	GlobalSection(SolutionConfigurationPlatforms) = preSolution
		Debug|Any CPU = Debug|Any CPU
		Release|Any CPU = Release|Any CPU
	EndGlobalSection
	GlobalSection(ProjectConfigurationPlatforms) = postSolution
		{BD87CB84-058A-451D-AE68-79889BAE780D}.Debug|Any CPU.ActiveCfg = Debug|Any CPU
		{BD87CB84-058A-451D-AE68-79889BAE780D}.Debug|Any CPU.Build.0 = Debug|Any CPU
		{BD87CB84-058A-451D-AE68-79889BAE780D}.Release|Any CPU.ActiveCfg = Release|Any CPU
		{BD87CB84-058A-451D-AE68-79889BAE780D}.Release|Any CPU.Build.0 = Release|Any CPU
	EndGlobalSection
	GlobalSection(SolutionProperties) = preSolution
		HideSolutionNode = FALSE
	EndGlobalSection
	GlobalSection(ExtensibilityGlobals) = postSolution
		SolutionGuid = {4A94958B-AFE3-472A-A5C9-5C3D09D9A824}
	EndGlobalSection
EndGlobal
